{
  "name": "ajs-clone",
  "version": "1.0.0",
  "lockfileVersion": 1,
  "requires": true,
  "dependencies": {
    "@varsptz/ajs": {
      "version": "1.0.0",
      "resolved": "https://npm.pkg.github.com/download/@varsptz/ajs/1.0.0/0e96ef98b720a5e0f4303393bc57720ca602b0e156236ab6a6f117031727d3d6",
      "integrity": "sha512-BIYaEzUrAb6mQUDBoCdo4Ut5WKsjbsEEPKy6Iah3noXXyT8YDseMdV5/LfsI80Ut1kCKwNlcz5tPN9Z6+6Sumg=="
    }
  }
}
